// !$*UTF8*$!
{
	archiveVersion = 1;
	classes = {
	};
	objectVersion = 50;
	objects = {

/* Begin PBXBuildFile section */
		280A0C2927CEBF2500D4F9D6 /* KartyApp.swift in Sources */ = {isa = PBXBuildFile; fileRef = 280A0C2827CEBF2500D4F9D6 /* KartyApp.swift */; };
		280A0C2B27CEBF2500D4F9D6 /* ContentView.swift in Sources */ = {isa = PBXBuildFile; fileRef = 280A0C2A27CEBF2500D4F9D6 /* ContentView.swift */; };
		280A0C2D27CEBF2600D4F9D6 /* Assets.xcassets in Resources */ = {isa = PBXBuildFile; fileRef = 280A0C2C27CEBF2600D4F9D6 /* Assets.xcassets */; };
		280A0C3027CEBF2600D4F9D6 /* Preview Assets.xcassets in Resources */ = {isa = PBXBuildFile; fileRef = 280A0C2F27CEBF2600D4F9D6 /* Preview Assets.xcassets */; };
		280A0C3B27CEBF2600D4F9D6 /* KartyTests.swift in Sources */ = {isa = PBXBuildFile; fileRef = 280A0C3A27CEBF2600D4F9D6 /* KartyTests.swift */; };
		280A0C4627CEBF2600D4F9D6 /* KartyUITests.swift in Sources */ = {isa = PBXBuildFile; fileRef = 280A0C4527CEBF2600D4F9D6 /* KartyUITests.swift */; };
/* End PBXBuildFile section */

/* Begin PBXContainerItemProxy section */
		280A0C3727CEBF2600D4F9D6 /* PBXContainerItemProxy */ = {
			isa = PBXContainerItemProxy;
			containerPortal = 280A0C1D27CEBF2500D4F9D6 /* Project object */;
			proxyType = 1;
			remoteGlobalIDString = 280A0C2427CEBF2500D4F9D6;
			remoteInfo = Karty;
		};
		280A0C4227CEBF2600D4F9D6 /* PBXContainerItemProxy */ = {
			isa = PBXContainerItemProxy;
			containerPortal = 280A0C1D27CEBF2500D4F9D6 /* Project object */;
			proxyType = 1;
			remoteGlobalIDString = 280A0C2427CEBF2500D4F9D6;
			remoteInfo = Karty;
		};
/* End PBXContainerItemProxy section */

/* Begin PBXFileReference section */
		280A0C2527CEBF2500D4F9D6 /* Karty.app */ = {isa = PBXFileReference; explicitFileType = wrapper.application; includeInIndex = 0; path = Karty.app; sourceTree = BUILT_PRODUCTS_DIR; };
		280A0C2827CEBF2500D4F9D6 /* KartyApp.swift */ = {isa = PBXFileReference; lastKnownFileType = sourcecode.swift; path = KartyApp.swift; sourceTree = "<group>"; };
		280A0C2A27CEBF2500D4F9D6 /* ContentView.swift */ = {isa = PBXFileReference; lastKnownFileType = sourcecode.swift; path = ContentView.swift; sourceTree = "<group>"; };
		280A0C2C27CEBF2600D4F9D6 /* Assets.xcassets */ = {isa = PBXFileReference; lastKnownFileType = folder.assetcatalog; path = Assets.xcassets; sourceTree = "<group>"; };
		280A0C2F27CEBF2600D4F9D6 /* Preview Assets.xcassets */ = {isa = PBXFileReference; lastKnownFileType = folder.assetcatalog; path = "Preview Assets.xcassets"; sourceTree = "<group>"; };
		280A0C3127CEBF2600D4F9D6 /* Info.plist */ = {isa = PBXFileReference; lastKnownFileType = text.plist.xml; path = Info.plist; sourceTree = "<group>"; };
		280A0C3627CEBF2600D4F9D6 /* KartyTests.xctest */ = {isa = PBXFileReference; explicitFileType = wrapper.cfbundle; includeInIndex = 0; path = KartyTests.xctest; sourceTree = BUILT_PRODUCTS_DIR; };
		280A0C3A27CEBF2600D4F9D6 /* KartyTests.swift */ = {isa = PBXFileReference; lastKnownFileType = sourcecode.swift; path = KartyTests.swift; sourceTree = "<group>"; };
		280A0C3C27CEBF2600D4F9D6 /* Info.plist */ = {isa = PBXFileReference; lastKnownFileType = text.plist.xml; path = Info.plist; sourceTree = "<group>"; };
		280A0C4127CEBF2600D4F9D6 /* KartyUITests.xctest */ = {isa = PBXFileReference; explicitFileType = wrapper.cfbundle; includeInIndex = 0; path = KartyUITests.xctest; sourceTree = BUILT_PRODUCTS_DIR; };
		280A0C4527CEBF2600D4F9D6 /* KartyUITests.swift */ = {isa = PBXFileReference; lastKnownFileType = sourcecode.swift; path = KartyUITests.swift; sourceTree = "<group>"; };
		280A0C4727CEBF2600D4F9D6 /* Info.plist */ = {isa = PBXFileReference; lastKnownFileType = text.plist.xml; path = Info.plist; sourceTree = "<group>"; };
/* End PBXFileReference section */

/* Begin PBXFrameworksBuildPhase section */
		280A0C2227CEBF2500D4F9D6 /* Frameworks */ = {
			isa = PBXFrameworksBuildPhase;
			buildActionMask = 2147483647;
			files = (
			);
			runOnlyForDeploymentPostprocessing = 0;
		};
		280A0C3327CEBF2600D4F9D6 /* Frameworks */ = {
			isa = PBXFrameworksBuildPhase;
			buildActionMask = 2147483647;
			files = (
			);
			runOnlyForDeploymentPostprocessing = 0;
		};
		280A0C3E27CEBF2600D4F9D6 /* Frameworks */ = {
			isa = PBXFrameworksBuildPhase;
			buildActionMask = 2147483647;
			files = (
			);
			runOnlyForDeploymentPostprocessing = 0;
		};
/* End PBXFrameworksBuildPhase section */

/* Begin PBXGroup section */
		280A0C1C27CEBF2500D4F9D6 = {
			isa = PBXGroup;
			children = (
				280A0C2727CEBF2500D4F9D6 /* Karty */,
				280A0C3927CEBF2600D4F9D6 /* KartyTests */,
				280A0C4427CEBF2600D4F9D6 /* KartyUITests */,
				280A0C2627CEBF2500D4F9D6 /* Products */,
			);
			sourceTree = "<group>";
		};
		280A0C2627CEBF2500D4F9D6 /* Products */ = {
			isa = PBXGroup;
			children = (
				280A0C2527CEBF2500D4F9D6 /* Karty.app */,
				280A0C3627CEBF2600D4F9D6 /* KartyTests.xctest */,
				280A0C4127CEBF2600D4F9D6 /* KartyUITests.xctest */,
			);
			name = Products;
			sourceTree = "<group>";
		};
		280A0C2727CEBF2500D4F9D6 /* Karty */ = {
			isa = PBXGroup;
			children = (
				280A0C2827CEBF2500D4F9D6 /* KartyApp.swift */,
				280A0C2A27CEBF2500D4F9D6 /* ContentView.swift */,
				280A0C2C27CEBF2600D4F9D6 /* Assets.xcassets */,
				280A0C3127CEBF2600D4F9D6 /* Info.plist */,
				280A0C2E27CEBF2600D4F9D6 /* Preview Content */,
			);
			path = Karty;
			sourceTree = "<group>";
		};
		280A0C2E27CEBF2600D4F9D6 /* Preview Content */ = {
			isa = PBXGroup;
			children = (
				280A0C2F27CEBF2600D4F9D6 /* Preview Assets.xcassets */,
			);
			path = "Preview Content";
			sourceTree = "<group>";
		};
		280A0C3927CEBF2600D4F9D6 /* KartyTests */ = {
			isa = PBXGroup;
			children = (
				280A0C3A27CEBF2600D4F9D6 /* KartyTests.swift */,
				280A0C3C27CEBF2600D4F9D6 /* Info.plist */,
			);
			path = KartyTests;
			sourceTree = "<group>";
		};
		280A0C4427CEBF2600D4F9D6 /* KartyUITests */ = {
			isa = PBXGroup;
			children = (
				280A0C4527CEBF2600D4F9D6 /* KartyUITests.swift */,
				280A0C4727CEBF2600D4F9D6 /* Info.plist */,
			);
			path = KartyUITests;
			sourceTree = "<group>";
		};
/* End PBXGroup section */

/* Begin PBXNativeTarget section */
		280A0C2427CEBF2500D4F9D6 /* Karty */ = {
			isa = PBXNativeTarget;
			buildConfigurationList = 280A0C4A27CEBF2600D4F9D6 /* Build configuration list for PBXNativeTarget "Karty" */;
			buildPhases = (
				280A0C2127CEBF2500D4F9D6 /* Sources */,
				280A0C2227CEBF2500D4F9D6 /* Frameworks */,
				280A0C2327CEBF2500D4F9D6 /* Resources */,
			);
			buildRules = (
			);
			dependencies = (
			);
			name = Karty;
			productName = Karty;
			productReference = 280A0C2527CEBF2500D4F9D6 /* Karty.app */;
			productType = "com.apple.product-type.application";
		};
		280A0C3527CEBF2600D4F9D6 /* KartyTests */ = {
			isa = PBXNativeTarget;
			buildConfigurationList = 280A0C4D27CEBF2600D4F9D6 /* Build configuration list for PBXNativeTarget "KartyTests" */;
			buildPhases = (
				280A0C3227CEBF2600D4F9D6 /* Sources */,
				280A0C3327CEBF2600D4F9D6 /* Frameworks */,
				280A0C3427CEBF2600D4F9D6 /* Resources */,
			);
			buildRules = (
			);
			dependencies = (
				280A0C3827CEBF2600D4F9D6 /* PBXTargetDependency */,
			);
			name = KartyTests;
			productName = KartyTests;
			productReference = 280A0C3627CEBF2600D4F9D6 /* KartyTests.xctest */;
			productType = "com.apple.product-type.bundle.unit-test";
		};
		280A0C4027CEBF2600D4F9D6 /* KartyUITests */ = {
			isa = PBXNativeTarget;
			buildConfigurationList = 280A0C5027CEBF2600D4F9D6 /* Build configuration list for PBXNativeTarget "KartyUITests" */;
			buildPhases = (
				280A0C3D27CEBF2600D4F9D6 /* Sources */,
				280A0C3E27CEBF2600D4F9D6 /* Frameworks */,
				280A0C3F27CEBF2600D4F9D6 /* Resources */,
			);
			buildRules = (
			);
			dependencies = (
				280A0C4327CEBF2600D4F9D6 /* PBXTargetDependency */,
			);
			name = KartyUITests;
			productName = KartyUITests;
			productReference = 280A0C4127CEBF2600D4F9D6 /* KartyUITests.xctest */;
			productType = "com.apple.product-type.bundle.ui-testing";
		};
/* End PBXNativeTarget section */

/* Begin PBXProject section */
		280A0C1D27CEBF2500D4F9D6 /* Project object */ = {
			isa = PBXProject;
			attributes = {
				LastSwiftUpdateCheck = 1230;
				LastUpgradeCheck = 1230;
				TargetAttributes = {
					280A0C2427CEBF2500D4F9D6 = {
						CreatedOnToolsVersion = 12.3;
					};
					280A0C3527CEBF2600D4F9D6 = {
						CreatedOnToolsVersion = 12.3;
						TestTargetID = 280A0C2427CEBF2500D4F9D6;
					};
					280A0C4027CEBF2600D4F9D6 = {
						CreatedOnToolsVersion = 12.3;
						TestTargetID = 280A0C2427CEBF2500D4F9D6;
					};
				};
			};
			buildConfigurationList = 280A0C2027CEBF2500D4F9D6 /* Build configuration list for PBXProject "Karty" */;
			compatibilityVersion = "Xcode 9.3";
			developmentRegion = en;
			hasScannedForEncodings = 0;
			knownRegions = (
				en,
				Base,
			);
			mainGroup = 280A0C1C27CEBF2500D4F9D6;
			productRefGroup = 280A0C2627CEBF2500D4F9D6 /* Products */;
			projectDirPath = "";
			projectRoot = "";
			targets = (
				280A0C2427CEBF2500D4F9D6 /* Karty */,
				280A0C3527CEBF2600D4F9D6 /* KartyTests */,
				280A0C4027CEBF2600D4F9D6 /* KartyUITests */,
			);
		};
/* End PBXProject section */

/* Begin PBXResourcesBuildPhase section */
		280A0C2327CEBF2500D4F9D6 /* Resources */ = {
			isa = PBXResourcesBuildPhase;
			buildActionMask = 2147483647;
			files = (
				280A0C3027CEBF2600D4F9D6 /* Preview Assets.xcassets in Resources */,
				280A0C2D27CEBF2600D4F9D6 /* Assets.xcassets in Resources */,
			);
			runOnlyForDeploymentPostprocessing = 0;
		};
		280A0C3427CEBF2600D4F9D6 /* Resources */ = {
			isa = PBXResourcesBuildPhase;
			buildActionMask = 2147483647;
			files = (
			);
			runOnlyForDeploymentPostprocessing = 0;
		};
		280A0C3F27CEBF2600D4F9D6 /* Resources */ = {
			isa = PBXResourcesBuildPhase;
			buildActionMask = 2147483647;
			files = (
			);
			runOnlyForDeploymentPostprocessing = 0;
		};
/* End PBXResourcesBuildPhase section */

/* Begin PBXSourcesBuildPhase section */
		280A0C2127CEBF2500D4F9D6 /* Sources */ = {
			isa = PBXSourcesBuildPhase;
			buildActionMask = 2147483647;
			files = (
				280A0C2B27CEBF2500D4F9D6 /* ContentView.swift in Sources */,
				280A0C2927CEBF2500D4F9D6 /* KartyApp.swift in Sources */,
			);
			runOnlyForDeploymentPostprocessing = 0;
		};
		280A0C3227CEBF2600D4F9D6 /* Sources */ = {
			isa = PBXSourcesBuildPhase;
			buildActionMask = 2147483647;
			files = (
				280A0C3B27CEBF2600D4F9D6 /* KartyTests.swift in Sources */,
			);
			runOnlyForDeploymentPostprocessing = 0;
		};
		280A0C3D27CEBF2600D4F9D6 /* Sources */ = {
			isa = PBXSourcesBuildPhase;
			buildActionMask = 2147483647;
			files = (
				280A0C4627CEBF2600D4F9D6 /* KartyUITests.swift in Sources */,
			);
			runOnlyForDeploymentPostprocessing = 0;
		};
/* End PBXSourcesBuildPhase section */

/* Begin PBXTargetDependency section */
		280A0C3827CEBF2600D4F9D6 /* PBXTargetDependency */ = {
			isa = PBXTargetDependency;
			target = 280A0C2427CEBF2500D4F9D6 /* Karty */;
			targetProxy = 280A0C3727CEBF2600D4F9D6 /* PBXContainerItemProxy */;
		};
		280A0C4327CEBF2600D4F9D6 /* PBXTargetDependency */ = {
			isa = PBXTargetDependency;
			target = 280A0C2427CEBF2500D4F9D6 /* Karty */;
			targetProxy = 280A0C4227CEBF2600D4F9D6 /* PBXContainerItemProxy */;
		};
/* End PBXTargetDependency section */

/* Begin XCBuildConfiguration section */
		280A0C4827CEBF2600D4F9D6 /* Debug */ = {
			isa = XCBuildConfiguration;
			buildSettings = {
				ALWAYS_SEARCH_USER_PATHS = NO;
				CLANG_ANALYZER_NONNULL = YES;
				CLANG_ANALYZER_NUMBER_OBJECT_CONVERSION = YES_AGGRESSIVE;
				CLANG_CXX_LANGUAGE_STANDARD = "gnu++14";
				CLANG_CXX_LIBRARY = "libc++";
				CLANG_ENABLE_MODULES = YES;
				CLANG_ENABLE_OBJC_ARC = YES;
				CLANG_ENABLE_OBJC_WEAK = YES;
				CLANG_WARN_BLOCK_CAPTURE_AUTORELEASING = YES;
				CLANG_WARN_BOOL_CONVERSION = YES;
				CLANG_WARN_COMMA = YES;
				CLANG_WARN_CONSTANT_CONVERSION = YES;
				CLANG_WARN_DEPRECATED_OBJC_IMPLEMENTATIONS = YES;
				CLANG_WARN_DIRECT_OBJC_ISA_USAGE = YES_ERROR;
				CLANG_WARN_DOCUMENTATION_COMMENTS = YES;
				CLANG_WARN_EMPTY_BODY = YES;
				CLANG_WARN_ENUM_CONVERSION = YES;
				CLANG_WARN_INFINITE_RECURSION = YES;
				CLANG_WARN_INT_CONVERSION = YES;
				CLANG_WARN_NON_LITERAL_NULL_CONVERSION = YES;
				CLANG_WARN_OBJC_IMPLICIT_RETAIN_SELF = YES;
				CLANG_WARN_OBJC_LITERAL_CONVERSION = YES;
				CLANG_WARN_OBJC_ROOT_CLASS = YES_ERROR;
				CLANG_WARN_QUOTED_INCLUDE_IN_FRAMEWORK_HEADER = YES;
				CLANG_WARN_RANGE_LOOP_ANALYSIS = YES;
				CLANG_WARN_STRICT_PROTOTYPES = YES;
				CLANG_WARN_SUSPICIOUS_MOVE = YES;
				CLANG_WARN_UNGUARDED_AVAILABILITY = YES_AGGRESSIVE;
				CLANG_WARN_UNREACHABLE_CODE = YES;
				CLANG_WARN__DUPLICATE_METHOD_MATCH = YES;
				COPY_PHASE_STRIP = NO;
				DEBUG_INFORMATION_FORMAT = dwarf;
				ENABLE_STRICT_OBJC_MSGSEND = YES;
				ENABLE_TESTABILITY = YES;
				GCC_C_LANGUAGE_STANDARD = gnu11;
				GCC_DYNAMIC_NO_PIC = NO;
				GCC_NO_COMMON_BLOCKS = YES;
				GCC_OPTIMIZATION_LEVEL = 0;
				GCC_PREPROCESSOR_DEFINITIONS = (
					"DEBUG=1",
					"$(inherited)",
				);
				GCC_WARN_64_TO_32_BIT_CONVERSION = YES;
				GCC_WARN_ABOUT_RETURN_TYPE = YES_ERROR;
				GCC_WARN_UNDECLARED_SELECTOR = YES;
				GCC_WARN_UNINITIALIZED_AUTOS = YES_AGGRESSIVE;
				GCC_WARN_UNUSED_FUNCTION = YES;
				GCC_WARN_UNUSED_VARIABLE = YES;
				IPHONEOS_DEPLOYMENT_TARGET = 14.3;
				MTL_ENABLE_DEBUG_INFO = INCLUDE_SOURCE;
				MTL_FAST_MATH = YES;
				ONLY_ACTIVE_ARCH = YES;
				SDKROOT = iphoneos;
				SWIFT_ACTIVE_COMPILATION_CONDITIONS = DEBUG;
				SWIFT_OPTIMIZATION_LEVEL = "-Onone";
			};
			name = Debug;
		};
		280A0C4927CEBF2600D4F9D6 /* Release */ = {
			isa = XCBuildConfiguration;
			buildSettings = {
				ALWAYS_SEARCH_USER_PATHS = NO;
				CLANG_ANALYZER_NONNULL = YES;
				CLANG_ANALYZER_NUMBER_OBJECT_CONVERSION = YES_AGGRESSIVE;
				CLANG_CXX_LANGUAGE_STANDARD = "gnu++14";
				CLANG_CXX_LIBRARY = "libc++";
				CLANG_ENABLE_MODULES = YES;
				CLANG_ENABLE_OBJC_ARC = YES;
				CLANG_ENABLE_OBJC_WEAK = YES;
				CLANG_WARN_BLOCK_CAPTURE_AUTORELEASING = YES;
				CLANG_WARN_BOOL_CONVERSION = YES;
				CLANG_WARN_COMMA = YES;
				CLANG_WARN_CONSTANT_CONVERSION = YES;
				CLANG_WARN_DEPRECATED_OBJC_IMPLEMENTATIONS = YES;
				CLANG_WARN_DIRECT_OBJC_ISA_USAGE = YES_ERROR;
				CLANG_WARN_DOCUMENTATION_COMMENTS = YES;
				CLANG_WARN_EMPTY_BODY = YES;
				CLANG_WARN_ENUM_CONVERSION = YES;
				CLANG_WARN_INFINITE_RECURSION = YES;
				CLANG_WARN_INT_CONVERSION = YES;
				CLANG_WARN_NON_LITERAL_NULL_CONVERSION = YES;
				CLANG_WARN_OBJC_IMPLICIT_RETAIN_SELF = YES;
				CLANG_WARN_OBJC_LITERAL_CONVERSION = YES;
				CLANG_WARN_OBJC_ROOT_CLASS = YES_ERROR;
				CLANG_WARN_QUOTED_INCLUDE_IN_FRAMEWORK_HEADER = YES;
				CLANG_WARN_RANGE_LOOP_ANALYSIS = YES;
				CLANG_WARN_STRICT_PROTOTYPES = YES;
				CLANG_WARN_SUSPICIOUS_MOVE = YES;
				CLANG_WARN_UNGUARDED_AVAILABILITY = YES_AGGRESSIVE;
				CLANG_WARN_UNREACHABLE_CODE = YES;
				CLANG_WARN__DUPLICATE_METHOD_MATCH = YES;
				COPY_PHASE_STRIP = NO;
				DEBUG_INFORMATION_FORMAT = "dwarf-with-dsym";
				ENABLE_NS_ASSERTIONS = NO;
				ENABLE_STRICT_OBJC_MSGSEND = YES;
				GCC_C_LANGUAGE_STANDARD = gnu11;
				GCC_NO_COMMON_BLOCKS = YES;
				GCC_WARN_64_TO_32_BIT_CONVERSION = YES;
				GCC_WARN_ABOUT_RETURN_TYPE = YES_ERROR;
				GCC_WARN_UNDECLARED_SELECTOR = YES;
				GCC_WARN_UNINITIALIZED_AUTOS = YES_AGGRESSIVE;
				GCC_WARN_UNUSED_FUNCTION = YES;
				GCC_WARN_UNUSED_VARIABLE = YES;
				IPHONEOS_DEPLOYMENT_TARGET = 14.3;
				MTL_ENABLE_DEBUG_INFO = NO;
				MTL_FAST_MATH = YES;
				SDKROOT = iphoneos;
				SWIFT_COMPILATION_MODE = wholemodule;
				SWIFT_OPTIMIZATION_LEVEL = "-O";
				VALIDATE_PRODUCT = YES;
			};
			name = Release;
		};
		280A0C4B27CEBF2600D4F9D6 /* Debug */ = {
			isa = XCBuildConfiguration;
			buildSettings = {
				ASSETCATALOG_COMPILER_APPICON_NAME = AppIcon;
				ASSETCATALOG_COMPILER_GLOBAL_ACCENT_COLOR_NAME = AccentColor;
				CODE_SIGN_STYLE = Automatic;
				DEVELOPMENT_ASSET_PATHS = "\"Karty/Preview Content\"";
				ENABLE_PREVIEWS = YES;
				INFOPLIST_FILE = Karty/Info.plist;
				IPHONEOS_DEPLOYMENT_TARGET = 14.0;
				LD_RUNPATH_SEARCH_PATHS = (
					"$(inherited)",
					"@executable_path/Frameworks",
				);
				PRODUCT_BUNDLE_IDENTIFIER = afar.Karty;
				PRODUCT_NAME = "$(TARGET_NAME)";
				SWIFT_VERSION = 5.0;
				TARGETED_DEVICE_FAMILY = "1,2";
			};
			name = Debug;
		};
		280A0C4C27CEBF2600D4F9D6 /* Release */ = {
			isa = XCBuildConfiguration;
			buildSettings = {
				ASSETCATALOG_COMPILER_APPICON_NAME = AppIcon;
				ASSETCATALOG_COMPILER_GLOBAL_ACCENT_COLOR_NAME = AccentColor;
				CODE_SIGN_STYLE = Automatic;
				DEVELOPMENT_ASSET_PATHS = "\"Karty/Preview Content\"";
				ENABLE_PREVIEWS = YES;
				INFOPLIST_FILE = Karty/Info.plist;
				IPHONEOS_DEPLOYMENT_TARGET = 14.0;
				LD_RUNPATH_SEARCH_PATHS = (
					"$(inherited)",
					"@executable_path/Frameworks",
				);
				PRODUCT_BUNDLE_IDENTIFIER = afar.Karty;
				PRODUCT_NAME = "$(TARGET_NAME)";
				SWIFT_VERSION = 5.0;
				TARGETED_DEVICE_FAMILY = "1,2";
			};
			name = Release;
		};
		280A0C4E27CEBF2600D4F9D6 /* Debug */ = {
			isa = XCBuildConfiguration;
			buildSettings = {
				ALWAYS_EMBED_SWIFT_STANDARD_LIBRARIES = YES;
				BUNDLE_LOADER = "$(TEST_HOST)";
				CODE_SIGN_STYLE = Automatic;
				INFOPLIST_FILE = KartyTests/Info.plist;
				IPHONEOS_DEPLOYMENT_TARGET = 14.0;
				LD_RUNPATH_SEARCH_PATHS = (
					"$(inherited)",
					"@executable_path/Frameworks",
					"@loader_path/Frameworks",
				);
				PRODUCT_BUNDLE_IDENTIFIER = afar.KartyTests;
				PRODUCT_NAME = "$(TARGET_NAME)";
				SWIFT_VERSION = 5.0;
				TARGETED_DEVICE_FAMILY = "1,2";
				TEST_HOST = "$(BUILT_PRODUCTS_DIR)/Karty.app/Karty";
			};
			name = Debug;
		};
		280A0C4F27CEBF2600D4F9D6 /* Release */ = {
			isa = XCBuildConfiguration;
			buildSettings = {
				ALWAYS_EMBED_SWIFT_STANDARD_LIBRARIES = YES;
				BUNDLE_LOADER = "$(TEST_HOST)";
				CODE_SIGN_STYLE = Automatic;
				INFOPLIST_FILE = KartyTests/Info.plist;
				IPHONEOS_DEPLOYMENT_TARGET = 14.0;
				LD_RUNPATH_SEARCH_PATHS = (
					"$(inherited)",
					"@executable_path/Frameworks",
					"@loader_path/Frameworks",
				);
				PRODUCT_BUNDLE_IDENTIFIER = afar.KartyTests;
				PRODUCT_NAME = "$(TARGET_NAME)";
				SWIFT_VERSION = 5.0;
				TARGETED_DEVICE_FAMILY = "1,2";
				TEST_HOST = "$(BUILT_PRODUCTS_DIR)/Karty.app/Karty";
			};
			name = Release;
		};
		280A0C5127CEBF2600D4F9D6 /* Debug */ = {
			isa = XCBuildConfiguration;
			buildSettings = {
				ALWAYS_EMBED_SWIFT_STANDARD_LIBRARIES = YES;
				CODE_SIGN_STYLE = Automatic;
				INFOPLIST_FILE = KartyUITests/Info.plist;
				LD_RUNPATH_SEARCH_PATHS = (
					"$(inherited)",
					"@executable_path/Frameworks",
					"@loader_path/Frameworks",
				);
				PRODUCT_BUNDLE_IDENTIFIER = afar.KartyUITests;
				PRODUCT_NAME = "$(TARGET_NAME)";
				SWIFT_VERSION = 5.0;
				TARGETED_DEVICE_FAMILY = "1,2";
				TEST_TARGET_NAME = Karty;
			};
			name = Debug;
		};
		280A0C5227CEBF2600D4F9D6 /* Release */ = {
			isa = XCBuildConfiguration;
			buildSettings = {
				ALWAYS_EMBED_SWIFT_STANDARD_LIBRARIES = YES;
				CODE_SIGN_STYLE = Automatic;
				INFOPLIST_FILE = KartyUITests/Info.plist;
				LD_RUNPATH_SEARCH_PATHS = (
					"$(inherited)",
					"@executable_path/Frameworks",
					"@loader_path/Frameworks",
				);
				PRODUCT_BUNDLE_IDENTIFIER = afar.KartyUITests;
				PRODUCT_NAME = "$(TARGET_NAME)";
				SWIFT_VERSION = 5.0;
				TARGETED_DEVICE_FAMILY = "1,2";
				TEST_TARGET_NAME = Karty;
			};
			name = Release;
		};
/* End XCBuildConfiguration section */

/* Begin XCConfigurationList section */
		280A0C2027CEBF2500D4F9D6 /* Build configuration list for PBXProject "Karty" */ = {
			isa = XCConfigurationList;
			buildConfigurations = (
				280A0C4827CEBF2600D4F9D6 /* Debug */,
				280A0C4927CEBF2600D4F9D6 /* Release */,
			);
			defaultConfigurationIsVisible = 0;
			defaultConfigurationName = Release;
		};
		280A0C4A27CEBF2600D4F9D6 /* Build configuration list for PBXNativeTarget "Karty" */ = {
			isa = XCConfigurationList;
			buildConfigurations = (
				280A0C4B27CEBF2600D4F9D6 /* Debug */,
				280A0C4C27CEBF2600D4F9D6 /* Release */,
			);
			defaultConfigurationIsVisible = 0;
			defaultConfigurationName = Release;
		};
		280A0C4D27CEBF2600D4F9D6 /* Build configuration list for PBXNativeTarget "KartyTests" */ = {
			isa = XCConfigurationList;
			buildConfigurations = (
				280A0C4E27CEBF2600D4F9D6 /* Debug */,
				280A0C4F27CEBF2600D4F9D6 /* Release */,
			);
			defaultConfigurationIsVisible = 0;
			defaultConfigurationName = Release;
		};
		280A0C5027CEBF2600D4F9D6 /* Build configuration list for PBXNativeTarget "KartyUITests" */ = {
			isa = XCConfigurationList;
			buildConfigurations = (
				280A0C5127CEBF2600D4F9D6 /* Debug */,
				280A0C5227CEBF2600D4F9D6 /* Release */,
			);
			defaultConfigurationIsVisible = 0;
			defaultConfigurationName = Release;
		};
/* End XCConfigurationList section */
	};
	rootObject = 280A0C1D27CEBF2500D4F9D6 /* Project object */;
}
